
Microsoft Visual Studio Solution File, Format Version 12.00
# Visual Studio Version 16
VisualStudioVersion = 16.0.30907.101
MinimumVisualStudioVersion = 10.0.40219.1
Project("{FAE04EC0-301F-11D3-BF4B-00C04F79EFBC}") = "API", "API.csproj", "{19ACB6CD-1F70-46F2-9A19-37D643E5EAAA}"
EndProject
Global
	GlobalSection(SolutionConfigurationPlatforms) = preSolution
		Debug|Any CPU = Debug|Any CPU
		Release|Any CPU = Release|Any CPU
	EndGlobalSection
	GlobalSection(ProjectConfigurationPlatforms) = postSolution
		{19ACB6CD-1F70-46F2-9A19-37D643E5EAAA}.Debug|Any CPU.ActiveCfg = Debug|Any CPU
		{19ACB6CD-1F70-46F2-9A19-37D643E5EAAA}.Debug|Any CPU.Build.0 = Debug|Any CPU
		{19ACB6CD-1F70-46F2-9A19-37D643E5EAAA}.Release|Any CPU.ActiveCfg = Release|Any CPU
		{19ACB6CD-1F70-46F2-9A19-37D643E5EAAA}.Release|Any CPU.Build.0 = Release|Any CPU
	EndGlobalSection
	GlobalSection(SolutionProperties) = preSolution
		HideSolutionNode = FALSE
	EndGlobalSection
	GlobalSection(ExtensibilityGlobals) = postSolution
		SolutionGuid = {E9D34EBF-59E9-43FA-8A2A-1542490A2C86}
	EndGlobalSection
EndGlobal
